{
  "name": "concise-test",
  "version": "1.0.0",
  "lockfileVersion": 3,
  "requires": true,
  "packages": {
    "": {
      "name": "concise-test",
      "version": "1.0.0",
      "license": "ISC",
      "bin": {
        "cli": "src/cli.mjs",
        "desc-plot": "src/desc-plot.mjs"
      }
    }
  }
}
